
Microsoft Visual Studio Solution File, Format Version 12.00
# Visual Studio Version 17
VisualStudioVersion = 17.12.35417.141
MinimumVisualStudioVersion = 10.0.40219.1
Project("{FAE04EC0-301F-11D3-BF4B-00C04F79EFBC}") = "LiveView", "LiveView\LiveView.csproj", "{27FBADA7-204F-4168-A8A4-CA530DB9EFB3}"
	ProjectSection(ProjectDependencies) = postProject
		{20AC2A7B-3D31-4891-B335-914E0FD6E208} = {20AC2A7B-3D31-4891-B335-914E0FD6E208}
		{9809F222-B010-4EFC-ACD4-23E18788E5F2} = {9809F222-B010-4EFC-ACD4-23E18788E5F2}
		{AF6521C6-F1F1-4393-87E6-E3A8194388D6} = {AF6521C6-F1F1-4393-87E6-E3A8194388D6}
		{CF46705B-BC31-45A3-8512-FC23BE84392C} = {CF46705B-BC31-45A3-8512-FC23BE84392C}
		{F1C2BDEF-E9EC-48FD-9CD9-190901B7282A} = {F1C2BDEF-E9EC-48FD-9CD9-190901B7282A}
	EndProjectSection
EndProject
Project("{FAE04EC0-301F-11D3-BF4B-00C04F79EFBC}") = "Mtf.Enums", "Mtf.Enums\Mtf.Enums.csproj", "{CF46705B-BC31-45A3-8512-FC23BE84392C}"
EndProject
Project("{FAE04EC0-301F-11D3-BF4B-00C04F79EFBC}") = "Mtf.Extensions", "Mtf.Extensions\Mtf.Extensions.csproj", "{F1C2BDEF-E9EC-48FD-9CD9-190901B7282A}"
EndProject
Project("{FAE04EC0-301F-11D3-BF4B-00C04F79EFBC}") = "Mtf.Models", "Mtf.Models\Mtf.Models.csproj", "{20AC2A7B-3D31-4891-B335-914E0FD6E208}"
EndProject
Project("{FAE04EC0-301F-11D3-BF4B-00C04F79EFBC}") = "Camera", "Camera\Camera.csproj", "{9809F222-B010-4EFC-ACD4-23E18788E5F2}"
EndProject
Project("{FAE04EC0-301F-11D3-BF4B-00C04F79EFBC}") = "Database", "Database\Database.csproj", "{8B959B17-818D-4AF5-9DB0-2CB8C798F2B1}"
EndProject
Project("{2150E333-8FDC-42A3-9474-1A3956D46DE8}") = "Solution Items", "Solution Items", "{8EC462FD-D22E-90A8-E5CE-7E832BA40C5D}"
	ProjectSection(SolutionItems) = preProject
		.editorconfig = .editorconfig
		ToDo.txt = ToDo.txt
	EndProjectSection
EndProject
Project("{FAE04EC0-301F-11D3-BF4B-00C04F79EFBC}") = "LiveView.Core", "LiveView.Core\LiveView.Core.csproj", "{615A060D-7516-4A6C-B76B-7D30C50F5383}"
EndProject
Project("{FAE04EC0-301F-11D3-BF4B-00C04F79EFBC}") = "Sequence", "Sequence\Sequence.csproj", "{AF6521C6-F1F1-4393-87E6-E3A8194388D6}"
	ProjectSection(ProjectDependencies) = postProject
		{9809F222-B010-4EFC-ACD4-23E18788E5F2} = {9809F222-B010-4EFC-ACD4-23E18788E5F2}
	EndProjectSection
EndProject
Project("{FAE04EC0-301F-11D3-BF4B-00C04F79EFBC}") = "LiveView.Agent", "LiveView.Agent\LiveView.Agent.csproj", "{188CBFCF-32A3-4920-8042-AF97AF1D15B3}"
EndProject
Project("{FAE04EC0-301F-11D3-BF4B-00C04F79EFBC}") = "UpgradeCodeGenerator", "UpgradeCodeGenerator\UpgradeCodeGenerator.csproj", "{0A01D8B1-C9AA-4100-BA2F-C7EA45A640E7}"
EndProject
Global
	GlobalSection(SolutionConfigurationPlatforms) = preSolution
		Debug|Any CPU = Debug|Any CPU
		Release|Any CPU = Release|Any CPU
	EndGlobalSection
	GlobalSection(ProjectConfigurationPlatforms) = postSolution
		{27FBADA7-204F-4168-A8A4-CA530DB9EFB3}.Debug|Any CPU.ActiveCfg = Debug|Any CPU
		{27FBADA7-204F-4168-A8A4-CA530DB9EFB3}.Debug|Any CPU.Build.0 = Debug|Any CPU
		{27FBADA7-204F-4168-A8A4-CA530DB9EFB3}.Release|Any CPU.ActiveCfg = Release|Any CPU
		{27FBADA7-204F-4168-A8A4-CA530DB9EFB3}.Release|Any CPU.Build.0 = Release|Any CPU
		{CF46705B-BC31-45A3-8512-FC23BE84392C}.Debug|Any CPU.ActiveCfg = Debug|Any CPU
		{CF46705B-BC31-45A3-8512-FC23BE84392C}.Debug|Any CPU.Build.0 = Debug|Any CPU
		{CF46705B-BC31-45A3-8512-FC23BE84392C}.Release|Any CPU.ActiveCfg = Release|Any CPU
		{CF46705B-BC31-45A3-8512-FC23BE84392C}.Release|Any CPU.Build.0 = Release|Any CPU
		{F1C2BDEF-E9EC-48FD-9CD9-190901B7282A}.Debug|Any CPU.ActiveCfg = Debug|Any CPU
		{F1C2BDEF-E9EC-48FD-9CD9-190901B7282A}.Debug|Any CPU.Build.0 = Debug|Any CPU
		{F1C2BDEF-E9EC-48FD-9CD9-190901B7282A}.Release|Any CPU.ActiveCfg = Release|Any CPU
		{F1C2BDEF-E9EC-48FD-9CD9-190901B7282A}.Release|Any CPU.Build.0 = Release|Any CPU
		{20AC2A7B-3D31-4891-B335-914E0FD6E208}.Debug|Any CPU.ActiveCfg = Debug|Any CPU
		{20AC2A7B-3D31-4891-B335-914E0FD6E208}.Debug|Any CPU.Build.0 = Debug|Any CPU
		{20AC2A7B-3D31-4891-B335-914E0FD6E208}.Release|Any CPU.ActiveCfg = Release|Any CPU
		{20AC2A7B-3D31-4891-B335-914E0FD6E208}.Release|Any CPU.Build.0 = Release|Any CPU
		{9809F222-B010-4EFC-ACD4-23E18788E5F2}.Debug|Any CPU.ActiveCfg = Debug|Any CPU
		{9809F222-B010-4EFC-ACD4-23E18788E5F2}.Debug|Any CPU.Build.0 = Debug|Any CPU
		{9809F222-B010-4EFC-ACD4-23E18788E5F2}.Release|Any CPU.ActiveCfg = Release|Any CPU
		{9809F222-B010-4EFC-ACD4-23E18788E5F2}.Release|Any CPU.Build.0 = Release|Any CPU
		{8B959B17-818D-4AF5-9DB0-2CB8C798F2B1}.Debug|Any CPU.ActiveCfg = Debug|Any CPU
		{8B959B17-818D-4AF5-9DB0-2CB8C798F2B1}.Debug|Any CPU.Build.0 = Debug|Any CPU
		{8B959B17-818D-4AF5-9DB0-2CB8C798F2B1}.Release|Any CPU.ActiveCfg = Release|Any CPU
		{8B959B17-818D-4AF5-9DB0-2CB8C798F2B1}.Release|Any CPU.Build.0 = Release|Any CPU
		{615A060D-7516-4A6C-B76B-7D30C50F5383}.Debug|Any CPU.ActiveCfg = Debug|Any CPU
		{615A060D-7516-4A6C-B76B-7D30C50F5383}.Debug|Any CPU.Build.0 = Debug|Any CPU
		{615A060D-7516-4A6C-B76B-7D30C50F5383}.Release|Any CPU.ActiveCfg = Release|Any CPU
		{615A060D-7516-4A6C-B76B-7D30C50F5383}.Release|Any CPU.Build.0 = Release|Any CPU
		{AF6521C6-F1F1-4393-87E6-E3A8194388D6}.Debug|Any CPU.ActiveCfg = Debug|Any CPU
		{AF6521C6-F1F1-4393-87E6-E3A8194388D6}.Debug|Any CPU.Build.0 = Debug|Any CPU
		{AF6521C6-F1F1-4393-87E6-E3A8194388D6}.Release|Any CPU.ActiveCfg = Release|Any CPU
		{AF6521C6-F1F1-4393-87E6-E3A8194388D6}.Release|Any CPU.Build.0 = Release|Any CPU
		{188CBFCF-32A3-4920-8042-AF97AF1D15B3}.Debug|Any CPU.ActiveCfg = Debug|Any CPU
		{188CBFCF-32A3-4920-8042-AF97AF1D15B3}.Debug|Any CPU.Build.0 = Debug|Any CPU
		{188CBFCF-32A3-4920-8042-AF97AF1D15B3}.Release|Any CPU.ActiveCfg = Release|Any CPU
		{188CBFCF-32A3-4920-8042-AF97AF1D15B3}.Release|Any CPU.Build.0 = Release|Any CPU
		{0A01D8B1-C9AA-4100-BA2F-C7EA45A640E7}.Debug|Any CPU.ActiveCfg = Debug|Any CPU
		{0A01D8B1-C9AA-4100-BA2F-C7EA45A640E7}.Debug|Any CPU.Build.0 = Debug|Any CPU
		{0A01D8B1-C9AA-4100-BA2F-C7EA45A640E7}.Release|Any CPU.ActiveCfg = Release|Any CPU
		{0A01D8B1-C9AA-4100-BA2F-C7EA45A640E7}.Release|Any CPU.Build.0 = Release|Any CPU
	EndGlobalSection
	GlobalSection(SolutionProperties) = preSolution
		HideSolutionNode = FALSE
	EndGlobalSection
	GlobalSection(ExtensibilityGlobals) = postSolution
		SolutionGuid = {E8193D0F-9703-4FE9-AC99-D0DCCFB5AD64}
	EndGlobalSection
EndGlobal
